# This file was autogenerated by uv via the following command:
#    uv pip compile requirements.txt --output-file requirements.lock
aiohappyeyeballs==2.7.1
    # via aiohttp
aiohttp==3.14.3
    # via litellm
aiosignal==1.4.0
    # via aiohttp
annotated-doc==0.0.5
    # via typer
annotated-types==0.8.0
    # via pydantic
anyio==4.14.2
    # via
    #   dspy
    #   httpx
    #   openai
attrs==26.1.0
    # via
    #   aiohttp
    #   jsonschema
    #   referencing
cachetools==7.1.7
    # via dspy
certifi==2026.7.22
    # via
    #   httpcore
    #   httpx
    #   requests
charset-normalizer==3.4.9
    # via requests
click==8.4.2
    # via
    #   huggingface-hub
    #   litellm
cloudpickle==3.1.2
    # via dspy
datasketch==2.0.0
    # via -r requirements.txt
diskcache==5.6.3
    # via dspy
distro==1.9.0
    # via openai
dspy==3.3.0
    # via dspy-ai
dspy-ai==3.3.0
    # via -r requirements.txt
faiss-cpu==1.15.0
    # via -r requirements.txt
fastuuid==0.14.0
    # via litellm
filelock==3.32.2
    # via
    #   huggingface-hub
    #   torch
frozenlist==1.8.0
    # via
    #   aiohttp
    #   aiosignal
fsspec==2026.7.0
    # via
    #   huggingface-hub
    #   torch
gepa==0.1.1
    # via dspy
h11==0.16.0
    # via httpcore
hf-xet==1.6.0
    # via huggingface-hub
httpcore==1.0.9
    # via httpx
httpx==0.28.1
    # via
    #   huggingface-hub
    #   litellm
    #   openai
huggingface-hub==1.26.1
    # via
    #   sentence-transformers
    #   tokenizers
    #   transformers
idna==3.18
    # via
    #   anyio
    #   httpx
    #   requests
    #   yarl
importlib-metadata==8.9.0
    # via litellm
jinja2==3.1.6
    # via
    #   litellm
    #   torch
jiter==0.16.0
    # via openai
joblib==1.5.3
    # via scikit-learn
json-repair==0.63.3
    # via dspy
jsonschema==4.26.0
    # via litellm
jsonschema-specifications==2025.9.1
    # via jsonschema
litellm==1.97.0
    # via dspy
markdown-it-py==4.2.0
    # via rich
markupsafe==3.0.3
    # via jinja2
mdurl==0.1.2
    # via markdown-it-py
mpmath==1.3.0
    # via sympy
multidict==6.7.1
    # via
    #   aiohttp
    #   yarl
narwhals==2.24.0
    # via scikit-learn
networkx==3.6.1
    # via
    #   -r requirements.txt
    #   torch
numpy==2.5.1
    # via
    #   -r requirements.txt
    #   datasketch
    #   faiss-cpu
    #   scikit-learn
    #   scipy
    #   sentence-transformers
    #   transformers
openai==2.54.0
    # via
    #   dspy
    #   litellm
orjson==3.12.0
    # via dspy
packaging==26.3
    # via
    #   faiss-cpu
    #   huggingface-hub
    #   transformers
propcache==0.5.2
    # via
    #   aiohttp
    #   yarl
psutil==7.2.2
    # via -r requirements.txt
pyarrow==25.0.0
    # via -r requirements.txt
pydantic==2.13.4
    # via
    #   -r requirements.txt
    #   dspy
    #   litellm
    #   openai
    #   pydantic-settings
pydantic-core==2.46.4
    # via pydantic
pydantic-settings==2.15.0
    # via litellm
pygments==2.20.0
    # via rich
pypandoc==1.17
    # via -r requirements.txt
python-dotenv==1.2.3
    # via
    #   litellm
    #   pydantic-settings
pyyaml==6.0.3
    # via
    #   -r requirements.txt
    #   huggingface-hub
    #   transformers
referencing==0.37.0
    # via
    #   jsonschema
    #   jsonschema-specifications
regex==2026.7.19
    # via
    #   dspy
    #   tiktoken
    #   transformers
requests==2.34.2
    # via
    #   -r requirements.txt
    #   dspy
    #   tiktoken
rich==15.0.0
    # via typer
rpds-py==2026.6.3
    # via
    #   jsonschema
    #   referencing
safetensors==0.8.0
    # via transformers
scikit-learn==1.9.0
    # via
    #   -r requirements.txt
    #   sentence-transformers
scipy==1.18.0
    # via
    #   datasketch
    #   scikit-learn
    #   sentence-transformers
sentence-transformers==5.7.0
    # via -r requirements.txt
setuptools==83.0.0
    # via torch
shellingham==1.5.4
    # via typer
sniffio==1.3.1
    # via openai
sqlite-vec==0.1.9
    # via -r requirements.txt
sympy==1.14.0
    # via torch
tenacity==9.1.4
    # via dspy
threadpoolctl==3.6.0
    # via scikit-learn
tiktoken==0.14.0
    # via litellm
tokenizers==0.22.2
    # via
    #   litellm
    #   sentence-transformers
    #   transformers
torch==2.13.0
    # via sentence-transformers
tqdm==4.70.0
    # via
    #   -r requirements.txt
    #   dspy
    #   huggingface-hub
    #   openai
    #   sentence-transformers
    #   transformers
transformers==5.14.1
    # via
    #   -r requirements.txt
    #   sentence-transformers
typer==0.27.1
    # via transformers
typing-extensions==4.16.0
    # via
    #   huggingface-hub
    #   openai
    #   pydantic
    #   pydantic-core
    #   sentence-transformers
    #   torch
    #   typing-inspection
typing-inspection==0.4.2
    # via
    #   pydantic
    #   pydantic-settings
urllib3==2.7.0
    # via requests
yarl==1.24.5
    # via aiohttp
zipp==4.1.0
    # via importlib-metadata
